
Microsoft Visual Studio Solution File, Format Version 12.00
# Visual Studio Version 17
VisualStudioVersion = 17.5.002.0
MinimumVisualStudioVersion = 10.0.40219.1
Project("{9A19103F-16F7-4668-BE54-9A1E7A4F7556}") = "appGestionBanco", "appGestionBanco\appGestionBanco.csproj", "{13EEEA6A-6789-442D-82E6-1F05EFA178CC}"
EndProject
Global
	GlobalSection(SolutionConfigurationPlatforms) = preSolution
		Debug|Any CPU = Debug|Any CPU
		Release|Any CPU = Release|Any CPU
	EndGlobalSection
	GlobalSection(ProjectConfigurationPlatforms) = postSolution
		{13EEEA6A-6789-442D-82E6-1F05EFA178CC}.Debug|Any CPU.ActiveCfg = Debug|Any CPU
		{13EEEA6A-6789-442D-82E6-1F05EFA178CC}.Debug|Any CPU.Build.0 = Debug|Any CPU
		{13EEEA6A-6789-442D-82E6-1F05EFA178CC}.Release|Any CPU.ActiveCfg = Release|Any CPU
		{13EEEA6A-6789-442D-82E6-1F05EFA178CC}.Release|Any CPU.Build.0 = Release|Any CPU
	EndGlobalSection
	GlobalSection(SolutionProperties) = preSolution
		HideSolutionNode = FALSE
	EndGlobalSection
	GlobalSection(ExtensibilityGlobals) = postSolution
		SolutionGuid = {39ACBEC3-EEDB-4AD2-B4DA-24E368DD4931}
	EndGlobalSection
EndGlobal
